
Microsoft Visual Studio Solution File, Format Version 12.00
# Visual Studio Version 16
VisualStudioVersion = 16.0.31229.75
MinimumVisualStudioVersion = 10.0.40219.1
Project("{FAE04EC0-301F-11D3-BF4B-00C04F79EFBC}") = "Verein.UWP", "Verein\Verein.UWP\Verein.UWP.csproj", "{EBE22EE7-B24C-4CA2-8273-7C493F885260}"
EndProject
Project("{FAE04EC0-301F-11D3-BF4B-00C04F79EFBC}") = "Verein.Android", "Verein\Verein.Android\Verein.Android.csproj", "{7E896DF7-1D35-433C-A0A3-1A551D9A0FCA}"
EndProject
Project("{FAE04EC0-301F-11D3-BF4B-00C04F79EFBC}") = "Verein.iOS", "Verein\Verein.iOS\Verein.iOS.csproj", "{76E621C8-BDF6-40ED-83F2-C3132D6C32E9}"
EndProject
Project("{FAE04EC0-301F-11D3-BF4B-00C04F79EFBC}") = "Verein", "Verein\Verein\Verein.csproj", "{7426CC83-E61C-440D-8C7E-342BDEF700E8}"
EndProject
Global
	GlobalSection(SolutionConfigurationPlatforms) = preSolution
		Debug|Any CPU = Debug|Any CPU
		Debug|ARM = Debug|ARM
		Debug|iPhone = Debug|iPhone
		Debug|iPhoneSimulator = Debug|iPhoneSimulator
		Debug|x64 = Debug|x64
		Debug|x86 = Debug|x86
		Release|Any CPU = Release|Any CPU
		Release|ARM = Release|ARM
		Release|iPhone = Release|iPhone
		Release|iPhoneSimulator = Release|iPhoneSimulator
		Release|x64 = Release|x64
		Release|x86 = Release|x86
	EndGlobalSection
	GlobalSection(ProjectConfigurationPlatforms) = postSolution
		{EBE22EE7-B24C-4CA2-8273-7C493F885260}.Debug|Any CPU.ActiveCfg = Debug|x86
		{EBE22EE7-B24C-4CA2-8273-7C493F885260}.Debug|Any CPU.Build.0 = Debug|x86
		{EBE22EE7-B24C-4CA2-8273-7C493F885260}.Debug|Any CPU.Deploy.0 = Debug|x86
		{EBE22EE7-B24C-4CA2-8273-7C493F885260}.Debug|ARM.ActiveCfg = Debug|ARM
		{EBE22EE7-B24C-4CA2-8273-7C493F885260}.Debug|ARM.Build.0 = Debug|ARM
		{EBE22EE7-B24C-4CA2-8273-7C493F885260}.Debug|ARM.Deploy.0 = Debug|ARM
		{EBE22EE7-B24C-4CA2-8273-7C493F885260}.Debug|iPhone.ActiveCfg = Debug|x86
		{EBE22EE7-B24C-4CA2-8273-7C493F885260}.Debug|iPhone.Build.0 = Debug|x86
		{EBE22EE7-B24C-4CA2-8273-7C493F885260}.Debug|iPhone.Deploy.0 = Debug|x86
		{EBE22EE7-B24C-4CA2-8273-7C493F885260}.Debug|iPhoneSimulator.ActiveCfg = Debug|x86
		{EBE22EE7-B24C-4CA2-8273-7C493F885260}.Debug|iPhoneSimulator.Build.0 = Debug|x86
		{EBE22EE7-B24C-4CA2-8273-7C493F885260}.Debug|iPhoneSimulator.Deploy.0 = Debug|x86
		{EBE22EE7-B24C-4CA2-8273-7C493F885260}.Debug|x64.ActiveCfg = Debug|x64
		{EBE22EE7-B24C-4CA2-8273-7C493F885260}.Debug|x64.Build.0 = Debug|x64
		{EBE22EE7-B24C-4CA2-8273-7C493F885260}.Debug|x64.Deploy.0 = Debug|x64
		{EBE22EE7-B24C-4CA2-8273-7C493F885260}.Debug|x86.ActiveCfg = Debug|x86
		{EBE22EE7-B24C-4CA2-8273-7C493F885260}.Debug|x86.Build.0 = Debug|x86
		{EBE22EE7-B24C-4CA2-8273-7C493F885260}.Debug|x86.Deploy.0 = Debug|x86
		{EBE22EE7-B24C-4CA2-8273-7C493F885260}.Release|Any CPU.ActiveCfg = Release|x86
		{EBE22EE7-B24C-4CA2-8273-7C493F885260}.Release|Any CPU.Build.0 = Release|x86
		{EBE22EE7-B24C-4CA2-8273-7C493F885260}.Release|Any CPU.Deploy.0 = Release|x86
		{EBE22EE7-B24C-4CA2-8273-7C493F885260}.Release|ARM.ActiveCfg = Release|ARM
		{EBE22EE7-B24C-4CA2-8273-7C493F885260}.Release|ARM.Build.0 = Release|ARM
		{EBE22EE7-B24C-4CA2-8273-7C493F885260}.Release|ARM.Deploy.0 = Release|ARM
		{EBE22EE7-B24C-4CA2-8273-7C493F885260}.Release|iPhone.ActiveCfg = Release|x86
		{EBE22EE7-B24C-4CA2-8273-7C493F885260}.Release|iPhone.Build.0 = Release|x86
		{EBE22EE7-B24C-4CA2-8273-7C493F885260}.Release|iPhone.Deploy.0 = Release|x86
		{EBE22EE7-B24C-4CA2-8273-7C493F885260}.Release|iPhoneSimulator.ActiveCfg = Release|x86
		{EBE22EE7-B24C-4CA2-8273-7C493F885260}.Release|iPhoneSimulator.Build.0 = Release|x86
		{EBE22EE7-B24C-4CA2-8273-7C493F885260}.Release|iPhoneSimulator.Deploy.0 = Release|x86
		{EBE22EE7-B24C-4CA2-8273-7C493F885260}.Release|x64.ActiveCfg = Release|x64
		{EBE22EE7-B24C-4CA2-8273-7C493F885260}.Release|x64.Build.0 = Release|x64
		{EBE22EE7-B24C-4CA2-8273-7C493F885260}.Release|x64.Deploy.0 = Release|x64
		{EBE22EE7-B24C-4CA2-8273-7C493F885260}.Release|x86.ActiveCfg = Release|x86
		{EBE22EE7-B24C-4CA2-8273-7C493F885260}.Release|x86.Build.0 = Release|x86
		{EBE22EE7-B24C-4CA2-8273-7C493F885260}.Release|x86.Deploy.0 = Release|x86
		{7E896DF7-1D35-433C-A0A3-1A551D9A0FCA}.Debug|Any CPU.ActiveCfg = Debug|Any CPU
		{7E896DF7-1D35-433C-A0A3-1A551D9A0FCA}.Debug|Any CPU.Build.0 = Debug|Any CPU
		{7E896DF7-1D35-433C-A0A3-1A551D9A0FCA}.Debug|Any CPU.Deploy.0 = Debug|Any CPU
		{7E896DF7-1D35-433C-A0A3-1A551D9A0FCA}.Debug|ARM.ActiveCfg = Debug|Any CPU
		{7E896DF7-1D35-433C-A0A3-1A551D9A0FCA}.Debug|ARM.Build.0 = Debug|Any CPU
		{7E896DF7-1D35-433C-A0A3-1A551D9A0FCA}.Debug|ARM.Deploy.0 = Debug|Any CPU
		{7E896DF7-1D35-433C-A0A3-1A551D9A0FCA}.Debug|iPhone.ActiveCfg = Debug|Any CPU
		{7E896DF7-1D35-433C-A0A3-1A551D9A0FCA}.Debug|iPhone.Build.0 = Debug|Any CPU
		{7E896DF7-1D35-433C-A0A3-1A551D9A0FCA}.Debug|iPhone.Deploy.0 = Debug|Any CPU
		{7E896DF7-1D35-433C-A0A3-1A551D9A0FCA}.Debug|iPhoneSimulator.ActiveCfg = Debug|Any CPU
		{7E896DF7-1D35-433C-A0A3-1A551D9A0FCA}.Debug|iPhoneSimulator.Build.0 = Debug|Any CPU
		{7E896DF7-1D35-433C-A0A3-1A551D9A0FCA}.Debug|iPhoneSimulator.Deploy.0 = Debug|Any CPU
		{7E896DF7-1D35-433C-A0A3-1A551D9A0FCA}.Debug|x64.ActiveCfg = Debug|Any CPU
		{7E896DF7-1D35-433C-A0A3-1A551D9A0FCA}.Debug|x64.Build.0 = Debug|Any CPU
		{7E896DF7-1D35-433C-A0A3-1A551D9A0FCA}.Debug|x64.Deploy.0 = Debug|Any CPU
		{7E896DF7-1D35-433C-A0A3-1A551D9A0FCA}.Debug|x86.ActiveCfg = Debug|Any CPU
		{7E896DF7-1D35-433C-A0A3-1A551D9A0FCA}.Debug|x86.Build.0 = Debug|Any CPU
		{7E896DF7-1D35-433C-A0A3-1A551D9A0FCA}.Debug|x86.Deploy.0 = Debug|Any CPU
		{7E896DF7-1D35-433C-A0A3-1A551D9A0FCA}.Release|Any CPU.ActiveCfg = Release|Any CPU
		{7E896DF7-1D35-433C-A0A3-1A551D9A0FCA}.Release|Any CPU.Build.0 = Release|Any CPU
		{7E896DF7-1D35-433C-A0A3-1A551D9A0FCA}.Release|Any CPU.Deploy.0 = Release|Any CPU
		{7E896DF7-1D35-433C-A0A3-1A551D9A0FCA}.Release|ARM.ActiveCfg = Release|Any CPU
		{7E896DF7-1D35-433C-A0A3-1A551D9A0FCA}.Release|ARM.Build.0 = Release|Any CPU
		{7E896DF7-1D35-433C-A0A3-1A551D9A0FCA}.Release|ARM.Deploy.0 = Release|Any CPU
		{7E896DF7-1D35-433C-A0A3-1A551D9A0FCA}.Release|iPhone.ActiveCfg = Release|Any CPU
		{7E896DF7-1D35-433C-A0A3-1A551D9A0FCA}.Release|iPhone.Build.0 = Release|Any CPU
		{7E896DF7-1D35-433C-A0A3-1A551D9A0FCA}.Release|iPhone.Deploy.0 = Release|Any CPU
		{7E896DF7-1D35-433C-A0A3-1A551D9A0FCA}.Release|iPhoneSimulator.ActiveCfg = Release|Any CPU
		{7E896DF7-1D35-433C-A0A3-1A551D9A0FCA}.Release|iPhoneSimulator.Build.0 = Release|Any CPU
		{7E896DF7-1D35-433C-A0A3-1A551D9A0FCA}.Release|iPhoneSimulator.Deploy.0 = Release|Any CPU
		{7E896DF7-1D35-433C-A0A3-1A551D9A0FCA}.Release|x64.ActiveCfg = Release|Any CPU
		{7E896DF7-1D35-433C-A0A3-1A551D9A0FCA}.Release|x64.Build.0 = Release|Any CPU
		{7E896DF7-1D35-433C-A0A3-1A551D9A0FCA}.Release|x64.Deploy.0 = Release|Any CPU
		{7E896DF7-1D35-433C-A0A3-1A551D9A0FCA}.Release|x86.ActiveCfg = Release|Any CPU
		{7E896DF7-1D35-433C-A0A3-1A551D9A0FCA}.Release|x86.Build.0 = Release|Any CPU
		{7E896DF7-1D35-433C-A0A3-1A551D9A0FCA}.Release|x86.Deploy.0 = Release|Any CPU
		{76E621C8-BDF6-40ED-83F2-C3132D6C32E9}.Debug|Any CPU.ActiveCfg = Debug|iPhoneSimulator
		{76E621C8-BDF6-40ED-83F2-C3132D6C32E9}.Debug|Any CPU.Build.0 = Debug|iPhoneSimulator
		{76E621C8-BDF6-40ED-83F2-C3132D6C32E9}.Debug|Any CPU.Deploy.0 = Debug|iPhoneSimulator
		{76E621C8-BDF6-40ED-83F2-C3132D6C32E9}.Debug|ARM.ActiveCfg = Debug|iPhone
		{76E621C8-BDF6-40ED-83F2-C3132D6C32E9}.Debug|ARM.Build.0 = Debug|iPhone
		{76E621C8-BDF6-40ED-83F2-C3132D6C32E9}.Debug|ARM.Deploy.0 = Debug|iPhone
		{76E621C8-BDF6-40ED-83F2-C3132D6C32E9}.Debug|iPhone.ActiveCfg = Debug|iPhone
		{76E621C8-BDF6-40ED-83F2-C3132D6C32E9}.Debug|iPhone.Build.0 = Debug|iPhone
		{76E621C8-BDF6-40ED-83F2-C3132D6C32E9}.Debug|iPhone.Deploy.0 = Debug|iPhone
		{76E621C8-BDF6-40ED-83F2-C3132D6C32E9}.Debug|iPhoneSimulator.ActiveCfg = Debug|iPhoneSimulator
		{76E621C8-BDF6-40ED-83F2-C3132D6C32E9}.Debug|iPhoneSimulator.Build.0 = Debug|iPhoneSimulator
		{76E621C8-BDF6-40ED-83F2-C3132D6C32E9}.Debug|iPhoneSimulator.Deploy.0 = Debug|iPhoneSimulator
		{76E621C8-BDF6-40ED-83F2-C3132D6C32E9}.Debug|x64.ActiveCfg = Debug|iPhoneSimulator
		{76E621C8-BDF6-40ED-83F2-C3132D6C32E9}.Debug|x64.Build.0 = Debug|iPhoneSimulator
		{76E621C8-BDF6-40ED-83F2-C3132D6C32E9}.Debug|x64.Deploy.0 = Debug|iPhoneSimulator
		{76E621C8-BDF6-40ED-83F2-C3132D6C32E9}.Debug|x86.ActiveCfg = Debug|iPhoneSimulator
		{76E621C8-BDF6-40ED-83F2-C3132D6C32E9}.Debug|x86.Build.0 = Debug|iPhoneSimulator
		{76E621C8-BDF6-40ED-83F2-C3132D6C32E9}.Debug|x86.Deploy.0 = Debug|iPhoneSimulator
		{76E621C8-BDF6-40ED-83F2-C3132D6C32E9}.Release|Any CPU.ActiveCfg = Release|iPhoneSimulator
		{76E621C8-BDF6-40ED-83F2-C3132D6C32E9}.Release|Any CPU.Build.0 = Release|iPhoneSimulator
		{76E621C8-BDF6-40ED-83F2-C3132D6C32E9}.Release|Any CPU.Deploy.0 = Release|iPhoneSimulator
		{76E621C8-BDF6-40ED-83F2-C3132D6C32E9}.Release|ARM.ActiveCfg = Release|iPhoneSimulator
		{76E621C8-BDF6-40ED-83F2-C3132D6C32E9}.Release|ARM.Build.0 = Release|iPhoneSimulator
		{76E621C8-BDF6-40ED-83F2-C3132D6C32E9}.Release|ARM.Deploy.0 = Release|iPhoneSimulator
		{76E621C8-BDF6-40ED-83F2-C3132D6C32E9}.Release|iPhone.ActiveCfg = Release|iPhone
		{76E621C8-BDF6-40ED-83F2-C3132D6C32E9}.Release|iPhone.Build.0 = Release|iPhone
		{76E621C8-BDF6-40ED-83F2-C3132D6C32E9}.Release|iPhone.Deploy.0 = Release|iPhone
		{76E621C8-BDF6-40ED-83F2-C3132D6C32E9}.Release|iPhoneSimulator.ActiveCfg = Release|iPhoneSimulator
		{76E621C8-BDF6-40ED-83F2-C3132D6C32E9}.Release|iPhoneSimulator.Build.0 = Release|iPhoneSimulator
		{76E621C8-BDF6-40ED-83F2-C3132D6C32E9}.Release|iPhoneSimulator.Deploy.0 = Release|iPhoneSimulator
		{76E621C8-BDF6-40ED-83F2-C3132D6C32E9}.Release|x64.ActiveCfg = Release|iPhoneSimulator
		{76E621C8-BDF6-40ED-83F2-C3132D6C32E9}.Release|x64.Build.0 = Release|iPhoneSimulator
		{76E621C8-BDF6-40ED-83F2-C3132D6C32E9}.Release|x64.Deploy.0 = Release|iPhoneSimulator
		{76E621C8-BDF6-40ED-83F2-C3132D6C32E9}.Release|x86.ActiveCfg = Release|iPhoneSimulator
		{76E621C8-BDF6-40ED-83F2-C3132D6C32E9}.Release|x86.Build.0 = Release|iPhoneSimulator
		{76E621C8-BDF6-40ED-83F2-C3132D6C32E9}.Release|x86.Deploy.0 = Release|iPhoneSimulator
		{7426CC83-E61C-440D-8C7E-342BDEF700E8}.Debug|Any CPU.ActiveCfg = Debug|Any CPU
		{7426CC83-E61C-440D-8C7E-342BDEF700E8}.Debug|Any CPU.Build.0 = Debug|Any CPU
		{7426CC83-E61C-440D-8C7E-342BDEF700E8}.Debug|Any CPU.Deploy.0 = Debug|Any CPU
		{7426CC83-E61C-440D-8C7E-342BDEF700E8}.Debug|ARM.ActiveCfg = Debug|Any CPU
		{7426CC83-E61C-440D-8C7E-342BDEF700E8}.Debug|ARM.Build.0 = Debug|Any CPU
		{7426CC83-E61C-440D-8C7E-342BDEF700E8}.Debug|ARM.Deploy.0 = Debug|Any CPU
		{7426CC83-E61C-440D-8C7E-342BDEF700E8}.Debug|iPhone.ActiveCfg = Debug|Any CPU
		{7426CC83-E61C-440D-8C7E-342BDEF700E8}.Debug|iPhone.Build.0 = Debug|Any CPU
		{7426CC83-E61C-440D-8C7E-342BDEF700E8}.Debug|iPhone.Deploy.0 = Debug|Any CPU
		{7426CC83-E61C-440D-8C7E-342BDEF700E8}.Debug|iPhoneSimulator.ActiveCfg = Debug|Any CPU
		{7426CC83-E61C-440D-8C7E-342BDEF700E8}.Debug|iPhoneSimulator.Build.0 = Debug|Any CPU
		{7426CC83-E61C-440D-8C7E-342BDEF700E8}.Debug|iPhoneSimulator.Deploy.0 = Debug|Any CPU
		{7426CC83-E61C-440D-8C7E-342BDEF700E8}.Debug|x64.ActiveCfg = Debug|Any CPU
		{7426CC83-E61C-440D-8C7E-342BDEF700E8}.Debug|x64.Build.0 = Debug|Any CPU
		{7426CC83-E61C-440D-8C7E-342BDEF700E8}.Debug|x64.Deploy.0 = Debug|Any CPU
		{7426CC83-E61C-440D-8C7E-342BDEF700E8}.Debug|x86.ActiveCfg = Debug|Any CPU
		{7426CC83-E61C-440D-8C7E-342BDEF700E8}.Debug|x86.Build.0 = Debug|Any CPU
		{7426CC83-E61C-440D-8C7E-342BDEF700E8}.Debug|x86.Deploy.0 = Debug|Any CPU
		{7426CC83-E61C-440D-8C7E-342BDEF700E8}.Release|Any CPU.ActiveCfg = Release|Any CPU
		{7426CC83-E61C-440D-8C7E-342BDEF700E8}.Release|Any CPU.Build.0 = Release|Any CPU
		{7426CC83-E61C-440D-8C7E-342BDEF700E8}.Release|Any CPU.Deploy.0 = Release|Any CPU
		{7426CC83-E61C-440D-8C7E-342BDEF700E8}.Release|ARM.ActiveCfg = Release|Any CPU
		{7426CC83-E61C-440D-8C7E-342BDEF700E8}.Release|ARM.Build.0 = Release|Any CPU
		{7426CC83-E61C-440D-8C7E-342BDEF700E8}.Release|ARM.Deploy.0 = Release|Any CPU
		{7426CC83-E61C-440D-8C7E-342BDEF700E8}.Release|iPhone.ActiveCfg = Release|Any CPU
		{7426CC83-E61C-440D-8C7E-342BDEF700E8}.Release|iPhone.Build.0 = Release|Any CPU
		{7426CC83-E61C-440D-8C7E-342BDEF700E8}.Release|iPhone.Deploy.0 = Release|Any CPU
		{7426CC83-E61C-440D-8C7E-342BDEF700E8}.Release|iPhoneSimulator.ActiveCfg = Release|Any CPU
		{7426CC83-E61C-440D-8C7E-342BDEF700E8}.Release|iPhoneSimulator.Build.0 = Release|Any CPU
		{7426CC83-E61C-440D-8C7E-342BDEF700E8}.Release|iPhoneSimulator.Deploy.0 = Release|Any CPU
		{7426CC83-E61C-440D-8C7E-342BDEF700E8}.Release|x64.ActiveCfg = Release|Any CPU
		{7426CC83-E61C-440D-8C7E-342BDEF700E8}.Release|x64.Build.0 = Release|Any CPU
		{7426CC83-E61C-440D-8C7E-342BDEF700E8}.Release|x64.Deploy.0 = Release|Any CPU
		{7426CC83-E61C-440D-8C7E-342BDEF700E8}.Release|x86.ActiveCfg = Release|Any CPU
		{7426CC83-E61C-440D-8C7E-342BDEF700E8}.Release|x86.Build.0 = Release|Any CPU
		{7426CC83-E61C-440D-8C7E-342BDEF700E8}.Release|x86.Deploy.0 = Release|Any CPU
	EndGlobalSection
	GlobalSection(SolutionProperties) = preSolution
		HideSolutionNode = FALSE
	EndGlobalSection
	GlobalSection(ExtensibilityGlobals) = postSolution
		SolutionGuid = {2E7BB921-10CA-46A3-A33A-EF77E636C94A}
	EndGlobalSection
EndGlobal
